
Microsoft Visual Studio Solution File, Format Version 12.00
# Visual Studio Version 17
VisualStudioVersion = 17.1.32319.34
MinimumVisualStudioVersion = 10.0.40219.1
Project("{9A19103F-16F7-4668-BE54-9A1E7A4F7556}") = "GuildRosterMVC", "GuildRosterMVC\GuildRosterMVC.csproj", "{8298F9FB-D3BF-46AB-8F53-05CBD8FEA61E}"
EndProject
Project("{FAE04EC0-301F-11D3-BF4B-00C04F79EFBC}") = "GuildRosterModels", "GuildRosterModels\GuildRosterModels.csproj", "{CE36CC8F-8ADF-4086-AB1B-A9206E08C3B7}"
EndProject
Global
	GlobalSection(SolutionConfigurationPlatforms) = preSolution
		Debug|Any CPU = Debug|Any CPU
		Release|Any CPU = Release|Any CPU
	EndGlobalSection
	GlobalSection(ProjectConfigurationPlatforms) = postSolution
		{8298F9FB-D3BF-46AB-8F53-05CBD8FEA61E}.Debug|Any CPU.ActiveCfg = Debug|Any CPU
		{8298F9FB-D3BF-46AB-8F53-05CBD8FEA61E}.Debug|Any CPU.Build.0 = Debug|Any CPU
		{8298F9FB-D3BF-46AB-8F53-05CBD8FEA61E}.Release|Any CPU.ActiveCfg = Release|Any CPU
		{8298F9FB-D3BF-46AB-8F53-05CBD8FEA61E}.Release|Any CPU.Build.0 = Release|Any CPU
		{CE36CC8F-8ADF-4086-AB1B-A9206E08C3B7}.Debug|Any CPU.ActiveCfg = Debug|Any CPU
		{CE36CC8F-8ADF-4086-AB1B-A9206E08C3B7}.Debug|Any CPU.Build.0 = Debug|Any CPU
		{CE36CC8F-8ADF-4086-AB1B-A9206E08C3B7}.Release|Any CPU.ActiveCfg = Release|Any CPU
		{CE36CC8F-8ADF-4086-AB1B-A9206E08C3B7}.Release|Any CPU.Build.0 = Release|Any CPU
	EndGlobalSection
	GlobalSection(SolutionProperties) = preSolution
		HideSolutionNode = FALSE
	EndGlobalSection
	GlobalSection(ExtensibilityGlobals) = postSolution
		SolutionGuid = {7EED5E60-DA46-447F-9F4A-02DE7B5A9844}
	EndGlobalSection
EndGlobal
